<?xml version="1.0" encoding="UTF-8"?>
<Scheme
   version = "1.3">
   <BuildAction>
      <BuildActionEntries>
         <BuildActionEntry
            buildForRunning = "YES">
            <BuildableReference
               BuildableIdentifier = "primary"
               BlueprintIdentifier = "0B3FC3CA205B3453000C5974"
               BuildableName = "LinkedLists"
               BlueprintName = "LinkedLists"
               ReferencedContainer = "container:LinkedLists.xcodeproj">
            </BuildableReference>
         </BuildActionEntry>
      </BuildActionEntries>
   </BuildAction>
   <LaunchAction
      useCustomWorkingDirectory = "NO"
      buildConfiguration = "Debug">
      <BuildableProductRunnable>
         <BuildableReference
            BuildableIdentifier = "primary"
            BlueprintIdentifier = "0B3FC3CA205B3453000C5974"
            BuildableName = "LinkedLists"
            BlueprintName = "LinkedLists"
            ReferencedContainer = "container:LinkedLists.xcodeproj">
         </BuildableReference>
      </BuildableProductRunnable>
   </LaunchAction>
</Scheme>
