<?xml version="1.0" encoding="UTF-8"?>
<Scheme
   version = "1.3">
   <BuildAction>
      <BuildActionEntries>
         <BuildActionEntry
            buildForRunning = "YES">
            <BuildableReference
               BuildableIdentifier = "primary"
               BlueprintIdentifier = "199602F83B2B6A06CB10BF98"
               BuildableName = "StacksQueues"
               BlueprintName = "StacksQueues"
               ReferencedContainer = "container:StacksQueues.xcodeproj">
            </BuildableReference>
         </BuildActionEntry>
      </BuildActionEntries>
   </BuildAction>
   <LaunchAction
      useCustomWorkingDirectory = "NO"
      buildConfiguration = "Debug">
      <BuildableProductRunnable>
         <BuildableReference
            BuildableIdentifier = "primary"
            BlueprintIdentifier = "199602F83B2B6A06CB10BF98"
            BuildableName = "StacksQueues"
            BlueprintName = "StacksQueues"
            ReferencedContainer = "container:StacksQueues.xcodeproj">
         </BuildableReference>
      </BuildableProductRunnable>
   </LaunchAction>
</Scheme>
